
Microsoft Visual Studio Solution File, Format Version 12.00
# Visual Studio 15
VisualStudioVersion = 15.0.28307.489
MinimumVisualStudioVersion = 10.0.40219.1
Project("{FAE04EC0-301F-11D3-BF4B-00C04F79EFBC}") = "starMove", "starMove\starMove.csproj", "{60419B15-128B-415A-9562-C48936F88B0F}"
EndProject
Global
	GlobalSection(SolutionConfigurationPlatforms) = preSolution
		Debug|Any CPU = Debug|Any CPU
		Release|Any CPU = Release|Any CPU
	EndGlobalSection
	GlobalSection(ProjectConfigurationPlatforms) = postSolution
		{60419B15-128B-415A-9562-C48936F88B0F}.Debug|Any CPU.ActiveCfg = Debug|Any CPU
		{60419B15-128B-415A-9562-C48936F88B0F}.Debug|Any CPU.Build.0 = Debug|Any CPU
		{60419B15-128B-415A-9562-C48936F88B0F}.Release|Any CPU.ActiveCfg = Release|Any CPU
		{60419B15-128B-415A-9562-C48936F88B0F}.Release|Any CPU.Build.0 = Release|Any CPU
	EndGlobalSection
	GlobalSection(SolutionProperties) = preSolution
		HideSolutionNode = FALSE
	EndGlobalSection
	GlobalSection(ExtensibilityGlobals) = postSolution
		SolutionGuid = {5250B169-15D0-47B2-BD96-B9AE862274FA}
	EndGlobalSection
EndGlobal
