
Microsoft Visual Studio Solution File, Format Version 12.00
# Visual Studio 15
VisualStudioVersion = 15.0.28307.489
MinimumVisualStudioVersion = 10.0.40219.1
Project("{FAE04EC0-301F-11D3-BF4B-00C04F79EFBC}") = "BasicPaint", "BasicPaint\BasicPaint.csproj", "{99B3EF7E-7638-4C20-8894-6E6D17009C9B}"
EndProject
Global
	GlobalSection(SolutionConfigurationPlatforms) = preSolution
		Debug|Any CPU = Debug|Any CPU
		Release|Any CPU = Release|Any CPU
	EndGlobalSection
	GlobalSection(ProjectConfigurationPlatforms) = postSolution
		{99B3EF7E-7638-4C20-8894-6E6D17009C9B}.Debug|Any CPU.ActiveCfg = Debug|Any CPU
		{99B3EF7E-7638-4C20-8894-6E6D17009C9B}.Debug|Any CPU.Build.0 = Debug|Any CPU
		{99B3EF7E-7638-4C20-8894-6E6D17009C9B}.Release|Any CPU.ActiveCfg = Release|Any CPU
		{99B3EF7E-7638-4C20-8894-6E6D17009C9B}.Release|Any CPU.Build.0 = Release|Any CPU
	EndGlobalSection
	GlobalSection(SolutionProperties) = preSolution
		HideSolutionNode = FALSE
	EndGlobalSection
	GlobalSection(ExtensibilityGlobals) = postSolution
		SolutionGuid = {E284C9B1-A4E8-4A9D-B905-CCEC06B7A8C9}
	EndGlobalSection
EndGlobal
