
Microsoft Visual Studio Solution File, Format Version 12.00
# Visual Studio 15
VisualStudioVersion = 15.0.28307.489
MinimumVisualStudioVersion = 10.0.40219.1
Project("{FAE04EC0-301F-11D3-BF4B-00C04F79EFBC}") = "Car", "Car\Car.csproj", "{50815057-30AD-496C-A4A7-D1AEF3EFF4DB}"
EndProject
Global
	GlobalSection(SolutionConfigurationPlatforms) = preSolution
		Debug|Any CPU = Debug|Any CPU
		Release|Any CPU = Release|Any CPU
	EndGlobalSection
	GlobalSection(ProjectConfigurationPlatforms) = postSolution
		{50815057-30AD-496C-A4A7-D1AEF3EFF4DB}.Debug|Any CPU.ActiveCfg = Debug|Any CPU
		{50815057-30AD-496C-A4A7-D1AEF3EFF4DB}.Debug|Any CPU.Build.0 = Debug|Any CPU
		{50815057-30AD-496C-A4A7-D1AEF3EFF4DB}.Release|Any CPU.ActiveCfg = Release|Any CPU
		{50815057-30AD-496C-A4A7-D1AEF3EFF4DB}.Release|Any CPU.Build.0 = Release|Any CPU
	EndGlobalSection
	GlobalSection(SolutionProperties) = preSolution
		HideSolutionNode = FALSE
	EndGlobalSection
	GlobalSection(ExtensibilityGlobals) = postSolution
		SolutionGuid = {AE8053F8-7494-4A06-B199-20A0EBC3A065}
	EndGlobalSection
EndGlobal
